
Microsoft Visual Studio Solution File, Format Version 12.00
# Visual Studio Version 17
VisualStudioVersion = 17.0.31825.309
MinimumVisualStudioVersion = 10.0.40219.1
Project("{2150E333-8FDC-42A3-9474-1A3956D46DE8}") = "Solution Items", "Solution Items", "{755F5B05-0924-47E9-9563-26EB20FE3F67}"
	ProjectSection(SolutionItems) = preProject
		.editorconfig = .editorconfig
		.gitignore = .gitignore
		appveyor.yml = appveyor.yml
		CHANGELOG.md = CHANGELOG.md
		.github\workflows\ci-otapi3-nuget.yml = .github\workflows\ci-otapi3-nuget.yml
		.github\workflows\ci-otapi3.yml = .github\workflows\ci-otapi3.yml
		COPYING = COPYING
		.github\workflows\danger.yml = .github\workflows\danger.yml
		README.md = README.md
		README_cn.md = README_cn.md
		SECURITY.md = SECURITY.md
	EndProjectSection
EndProject
Project("{9A19103F-16F7-4668-BE54-9A1E7A4F7556}") = "TShockAPI", "TShockAPI\TShockAPI.csproj", "{49606449-072B-4CF5-8088-AA49DA586694}"
EndProject
Project("{9A19103F-16F7-4668-BE54-9A1E7A4F7556}") = "TerrariaServerAPI", "TerrariaServerAPI\TerrariaServerAPI\TerrariaServerAPI.csproj", "{6877506E-ADC6-4142-98A6-79E4FA02855A}"
EndProject
Project("{9A19103F-16F7-4668-BE54-9A1E7A4F7556}") = "TShockLauncher", "TShockLauncher\TShockLauncher.csproj", "{2A312452-A43F-43E3-8AEB-E22F9A35C210}"
EndProject
Project("{9A19103F-16F7-4668-BE54-9A1E7A4F7556}") = "TShockLauncher.Tests", "TShockLauncher.Tests\TShockLauncher.Tests.csproj", "{90AB47F3-8220-48FC-BDAB-D6E97BFDA51B}"
EndProject
Project("{FAE04EC0-301F-11D3-BF4B-00C04F79EFBC}") = "TShockInstaller", "TShockInstaller\TShockInstaller.csproj", "{17AC4DD0-8334-4B5C-ABED-77EAF52D75FA}"
EndProject
Global
	GlobalSection(SolutionConfigurationPlatforms) = preSolution
		Debug|Any CPU = Debug|Any CPU
		Debug|Mixed Platforms = Debug|Mixed Platforms
		Debug|x64 = Debug|x64
		Debug|x86 = Debug|x86
		Release|Any CPU = Release|Any CPU
		Release|Mixed Platforms = Release|Mixed Platforms
		Release|x64 = Release|x64
		Release|x86 = Release|x86
	EndGlobalSection
	GlobalSection(ProjectConfigurationPlatforms) = postSolution
		{49606449-072B-4CF5-8088-AA49DA586694}.Debug|Any CPU.ActiveCfg = Debug|Any CPU
		{49606449-072B-4CF5-8088-AA49DA586694}.Debug|Any CPU.Build.0 = Debug|Any CPU
		{49606449-072B-4CF5-8088-AA49DA586694}.Debug|Mixed Platforms.ActiveCfg = Debug|Any CPU
		{49606449-072B-4CF5-8088-AA49DA586694}.Debug|Mixed Platforms.Build.0 = Debug|Any CPU
		{49606449-072B-4CF5-8088-AA49DA586694}.Debug|x64.ActiveCfg = Debug|Any CPU
		{49606449-072B-4CF5-8088-AA49DA586694}.Debug|x64.Build.0 = Debug|Any CPU
		{49606449-072B-4CF5-8088-AA49DA586694}.Debug|x86.ActiveCfg = Debug|Any CPU
		{49606449-072B-4CF5-8088-AA49DA586694}.Debug|x86.Build.0 = Debug|Any CPU
		{49606449-072B-4CF5-8088-AA49DA586694}.Release|Any CPU.ActiveCfg = Release|Any CPU
		{49606449-072B-4CF5-8088-AA49DA586694}.Release|Any CPU.Build.0 = Release|Any CPU
		{49606449-072B-4CF5-8088-AA49DA586694}.Release|Mixed Platforms.ActiveCfg = Release|Any CPU
		{49606449-072B-4CF5-8088-AA49DA586694}.Release|Mixed Platforms.Build.0 = Release|Any CPU
		{49606449-072B-4CF5-8088-AA49DA586694}.Release|x64.ActiveCfg = Release|Any CPU
		{49606449-072B-4CF5-8088-AA49DA586694}.Release|x64.Build.0 = Release|Any CPU
		{49606449-072B-4CF5-8088-AA49DA586694}.Release|x86.ActiveCfg = Release|Any CPU
		{49606449-072B-4CF5-8088-AA49DA586694}.Release|x86.Build.0 = Release|Any CPU
		{6877506E-ADC6-4142-98A6-79E4FA02855A}.Debug|Any CPU.ActiveCfg = Debug|Any CPU
		{6877506E-ADC6-4142-98A6-79E4FA02855A}.Debug|Any CPU.Build.0 = Debug|Any CPU
		{6877506E-ADC6-4142-98A6-79E4FA02855A}.Debug|Mixed Platforms.ActiveCfg = Debug|Any CPU
		{6877506E-ADC6-4142-98A6-79E4FA02855A}.Debug|Mixed Platforms.Build.0 = Debug|Any CPU
		{6877506E-ADC6-4142-98A6-79E4FA02855A}.Debug|x64.ActiveCfg = Debug|Any CPU
		{6877506E-ADC6-4142-98A6-79E4FA02855A}.Debug|x64.Build.0 = Debug|Any CPU
		{6877506E-ADC6-4142-98A6-79E4FA02855A}.Debug|x86.ActiveCfg = Debug|Any CPU
		{6877506E-ADC6-4142-98A6-79E4FA02855A}.Debug|x86.Build.0 = Debug|Any CPU
		{6877506E-ADC6-4142-98A6-79E4FA02855A}.Release|Any CPU.ActiveCfg = Release|Any CPU
		{6877506E-ADC6-4142-98A6-79E4FA02855A}.Release|Any CPU.Build.0 = Release|Any CPU
		{6877506E-ADC6-4142-98A6-79E4FA02855A}.Release|Mixed Platforms.ActiveCfg = Release|Any CPU
		{6877506E-ADC6-4142-98A6-79E4FA02855A}.Release|Mixed Platforms.Build.0 = Release|Any CPU
		{6877506E-ADC6-4142-98A6-79E4FA02855A}.Release|x64.ActiveCfg = Release|Any CPU
		{6877506E-ADC6-4142-98A6-79E4FA02855A}.Release|x64.Build.0 = Release|Any CPU
		{6877506E-ADC6-4142-98A6-79E4FA02855A}.Release|x86.ActiveCfg = Release|Any CPU
		{6877506E-ADC6-4142-98A6-79E4FA02855A}.Release|x86.Build.0 = Release|Any CPU
		{2A312452-A43F-43E3-8AEB-E22F9A35C210}.Debug|Any CPU.ActiveCfg = Debug|Any CPU
		{2A312452-A43F-43E3-8AEB-E22F9A35C210}.Debug|Any CPU.Build.0 = Debug|Any CPU
		{2A312452-A43F-43E3-8AEB-E22F9A35C210}.Debug|Mixed Platforms.ActiveCfg = Debug|Any CPU
		{2A312452-A43F-43E3-8AEB-E22F9A35C210}.Debug|Mixed Platforms.Build.0 = Debug|Any CPU
		{2A312452-A43F-43E3-8AEB-E22F9A35C210}.Debug|x64.ActiveCfg = Debug|Any CPU
		{2A312452-A43F-43E3-8AEB-E22F9A35C210}.Debug|x64.Build.0 = Debug|Any CPU
		{2A312452-A43F-43E3-8AEB-E22F9A35C210}.Debug|x86.ActiveCfg = Debug|Any CPU
		{2A312452-A43F-43E3-8AEB-E22F9A35C210}.Debug|x86.Build.0 = Debug|Any CPU
		{2A312452-A43F-43E3-8AEB-E22F9A35C210}.Release|Any CPU.ActiveCfg = Release|Any CPU
		{2A312452-A43F-43E3-8AEB-E22F9A35C210}.Release|Any CPU.Build.0 = Release|Any CPU
		{2A312452-A43F-43E3-8AEB-E22F9A35C210}.Release|Mixed Platforms.ActiveCfg = Release|Any CPU
		{2A312452-A43F-43E3-8AEB-E22F9A35C210}.Release|Mixed Platforms.Build.0 = Release|Any CPU
		{2A312452-A43F-43E3-8AEB-E22F9A35C210}.Release|x64.ActiveCfg = Release|Any CPU
		{2A312452-A43F-43E3-8AEB-E22F9A35C210}.Release|x64.Build.0 = Release|Any CPU
		{2A312452-A43F-43E3-8AEB-E22F9A35C210}.Release|x86.ActiveCfg = Release|Any CPU
		{2A312452-A43F-43E3-8AEB-E22F9A35C210}.Release|x86.Build.0 = Release|Any CPU
		{90AB47F3-8220-48FC-BDAB-D6E97BFDA51B}.Debug|Any CPU.ActiveCfg = Debug|Any CPU
		{90AB47F3-8220-48FC-BDAB-D6E97BFDA51B}.Debug|Any CPU.Build.0 = Debug|Any CPU
		{90AB47F3-8220-48FC-BDAB-D6E97BFDA51B}.Debug|Mixed Platforms.ActiveCfg = Debug|Any CPU
		{90AB47F3-8220-48FC-BDAB-D6E97BFDA51B}.Debug|Mixed Platforms.Build.0 = Debug|Any CPU
		{90AB47F3-8220-48FC-BDAB-D6E97BFDA51B}.Debug|x64.ActiveCfg = Debug|Any CPU
		{90AB47F3-8220-48FC-BDAB-D6E97BFDA51B}.Debug|x64.Build.0 = Debug|Any CPU
		{90AB47F3-8220-48FC-BDAB-D6E97BFDA51B}.Debug|x86.ActiveCfg = Debug|Any CPU
		{90AB47F3-8220-48FC-BDAB-D6E97BFDA51B}.Debug|x86.Build.0 = Debug|Any CPU
		{90AB47F3-8220-48FC-BDAB-D6E97BFDA51B}.Release|Any CPU.ActiveCfg = Release|Any CPU
		{90AB47F3-8220-48FC-BDAB-D6E97BFDA51B}.Release|Any CPU.Build.0 = Release|Any CPU
		{90AB47F3-8220-48FC-BDAB-D6E97BFDA51B}.Release|Mixed Platforms.ActiveCfg = Release|Any CPU
		{90AB47F3-8220-48FC-BDAB-D6E97BFDA51B}.Release|Mixed Platforms.Build.0 = Release|Any CPU
		{90AB47F3-8220-48FC-BDAB-D6E97BFDA51B}.Release|x64.ActiveCfg = Release|Any CPU
		{90AB47F3-8220-48FC-BDAB-D6E97BFDA51B}.Release|x64.Build.0 = Release|Any CPU
		{90AB47F3-8220-48FC-BDAB-D6E97BFDA51B}.Release|x86.ActiveCfg = Release|Any CPU
		{90AB47F3-8220-48FC-BDAB-D6E97BFDA51B}.Release|x86.Build.0 = Release|Any CPU
		{17AC4DD0-8334-4B5C-ABED-77EAF52D75FA}.Debug|Any CPU.ActiveCfg = Debug|Any CPU
		{17AC4DD0-8334-4B5C-ABED-77EAF52D75FA}.Debug|Any CPU.Build.0 = Debug|Any CPU
		{17AC4DD0-8334-4B5C-ABED-77EAF52D75FA}.Debug|Mixed Platforms.ActiveCfg = Debug|Any CPU
		{17AC4DD0-8334-4B5C-ABED-77EAF52D75FA}.Debug|Mixed Platforms.Build.0 = Debug|Any CPU
		{17AC4DD0-8334-4B5C-ABED-77EAF52D75FA}.Debug|x64.ActiveCfg = Debug|Any CPU
		{17AC4DD0-8334-4B5C-ABED-77EAF52D75FA}.Debug|x64.Build.0 = Debug|Any CPU
		{17AC4DD0-8334-4B5C-ABED-77EAF52D75FA}.Debug|x86.ActiveCfg = Debug|Any CPU
		{17AC4DD0-8334-4B5C-ABED-77EAF52D75FA}.Debug|x86.Build.0 = Debug|Any CPU
		{17AC4DD0-8334-4B5C-ABED-77EAF52D75FA}.Release|Any CPU.ActiveCfg = Release|Any CPU
		{17AC4DD0-8334-4B5C-ABED-77EAF52D75FA}.Release|Any CPU.Build.0 = Release|Any CPU
		{17AC4DD0-8334-4B5C-ABED-77EAF52D75FA}.Release|Mixed Platforms.ActiveCfg = Release|Any CPU
		{17AC4DD0-8334-4B5C-ABED-77EAF52D75FA}.Release|Mixed Platforms.Build.0 = Release|Any CPU
		{17AC4DD0-8334-4B5C-ABED-77EAF52D75FA}.Release|x64.ActiveCfg = Release|Any CPU
		{17AC4DD0-8334-4B5C-ABED-77EAF52D75FA}.Release|x64.Build.0 = Release|Any CPU
		{17AC4DD0-8334-4B5C-ABED-77EAF52D75FA}.Release|x86.ActiveCfg = Release|Any CPU
		{17AC4DD0-8334-4B5C-ABED-77EAF52D75FA}.Release|x86.Build.0 = Release|Any CPU
	EndGlobalSection
	GlobalSection(SolutionProperties) = preSolution
		HideSolutionNode = FALSE
	EndGlobalSection
	GlobalSection(ExtensibilityGlobals) = postSolution
		SolutionGuid = {B56F0765-BADD-48CF-8A19-436BD0EAD34A}
	EndGlobalSection
	GlobalSection(TestCaseManagementSettings) = postSolution
		CategoryFile = Terraria.vsmdi
	EndGlobalSection
EndGlobal
