
Microsoft Visual Studio Solution File, Format Version 11.00
# Visual Studio 2010
Project("{FAE04EC0-301F-11D3-BF4B-00C04F79EFBC}") = "TShockDBEditor", "DBEditor\TShockDBEditor.csproj", "{F1AE395C-6B4D-40E0-8BF8-0D8A126488D3}"
EndProject
Project("{FAE04EC0-301F-11D3-BF4B-00C04F79EFBC}") = "UnitTests", "UnitTests\UnitTests.csproj", "{F3742F51-D7BF-4754-A68A-CD944D2A21FF}"
EndProject
Project("{2150E333-8FDC-42A3-9474-1A3956D46DE8}") = "Solution Items", "Solution Items", "{755F5B05-0924-47E9-9563-26EB20FE3F67}"
	ProjectSection(SolutionItems) = preProject
		Local.testsettings = Local.testsettings
		Terraria.vsmdi = Terraria.vsmdi
	EndProjectSection
EndProject
Project("{FAE04EC0-301F-11D3-BF4B-00C04F79EFBC}") = "TerrariaServer", "TerrariaServer\TerrariaServer.csproj", "{149DA67E-C2A5-4076-AC37-8066877FE955}"
EndProject
Project("{FAE04EC0-301F-11D3-BF4B-00C04F79EFBC}") = "TShockCore", "TShockCore\TShockCore.csproj", "{57E15414-4F49-4EF4-A21D-4965729E77E4}"
EndProject
Project("{FAE04EC0-301F-11D3-BF4B-00C04F79EFBC}") = "LuaPlugin", "LuaPlugin\LuaPlugin.csproj", "{BCA547C8-DB59-4A1B-B816-A223D03AD90D}"
EndProject
Global
	GlobalSection(TestCaseManagementSettings) = postSolution
		CategoryFile = Terraria.vsmdi
	EndGlobalSection
	GlobalSection(SolutionConfigurationPlatforms) = preSolution
		Debug|Any CPU = Debug|Any CPU
		Debug|Mixed Platforms = Debug|Mixed Platforms
		Debug|x86 = Debug|x86
		Release|Any CPU = Release|Any CPU
		Release|Mixed Platforms = Release|Mixed Platforms
		Release|x86 = Release|x86
	EndGlobalSection
	GlobalSection(ProjectConfigurationPlatforms) = postSolution
		{F1AE395C-6B4D-40E0-8BF8-0D8A126488D3}.Debug|Any CPU.ActiveCfg = Debug|x86
		{F1AE395C-6B4D-40E0-8BF8-0D8A126488D3}.Debug|Mixed Platforms.ActiveCfg = Debug|x86
		{F1AE395C-6B4D-40E0-8BF8-0D8A126488D3}.Debug|Mixed Platforms.Build.0 = Debug|x86
		{F1AE395C-6B4D-40E0-8BF8-0D8A126488D3}.Debug|x86.ActiveCfg = Debug|x86
		{F1AE395C-6B4D-40E0-8BF8-0D8A126488D3}.Debug|x86.Build.0 = Debug|x86
		{F1AE395C-6B4D-40E0-8BF8-0D8A126488D3}.Release|Any CPU.ActiveCfg = Release|x86
		{F1AE395C-6B4D-40E0-8BF8-0D8A126488D3}.Release|Mixed Platforms.ActiveCfg = Release|x86
		{F1AE395C-6B4D-40E0-8BF8-0D8A126488D3}.Release|Mixed Platforms.Build.0 = Release|x86
		{F1AE395C-6B4D-40E0-8BF8-0D8A126488D3}.Release|x86.ActiveCfg = Release|x86
		{F1AE395C-6B4D-40E0-8BF8-0D8A126488D3}.Release|x86.Build.0 = Release|x86
		{F3742F51-D7BF-4754-A68A-CD944D2A21FF}.Debug|Any CPU.ActiveCfg = Debug|Any CPU
		{F3742F51-D7BF-4754-A68A-CD944D2A21FF}.Debug|Mixed Platforms.ActiveCfg = Debug|Any CPU
		{F3742F51-D7BF-4754-A68A-CD944D2A21FF}.Debug|x86.ActiveCfg = Debug|Any CPU
		{F3742F51-D7BF-4754-A68A-CD944D2A21FF}.Release|Any CPU.ActiveCfg = Release|Any CPU
		{F3742F51-D7BF-4754-A68A-CD944D2A21FF}.Release|Mixed Platforms.ActiveCfg = Release|Any CPU
		{F3742F51-D7BF-4754-A68A-CD944D2A21FF}.Release|x86.ActiveCfg = Release|Any CPU
		{149DA67E-C2A5-4076-AC37-8066877FE955}.Debug|Any CPU.ActiveCfg = Debug|x86
		{149DA67E-C2A5-4076-AC37-8066877FE955}.Debug|Mixed Platforms.ActiveCfg = Debug|x86
		{149DA67E-C2A5-4076-AC37-8066877FE955}.Debug|Mixed Platforms.Build.0 = Debug|x86
		{149DA67E-C2A5-4076-AC37-8066877FE955}.Debug|x86.ActiveCfg = Debug|x86
		{149DA67E-C2A5-4076-AC37-8066877FE955}.Debug|x86.Build.0 = Debug|x86
		{149DA67E-C2A5-4076-AC37-8066877FE955}.Release|Any CPU.ActiveCfg = Release|x86
		{149DA67E-C2A5-4076-AC37-8066877FE955}.Release|Mixed Platforms.ActiveCfg = Release|x86
		{149DA67E-C2A5-4076-AC37-8066877FE955}.Release|Mixed Platforms.Build.0 = Release|x86
		{149DA67E-C2A5-4076-AC37-8066877FE955}.Release|x86.ActiveCfg = Release|x86
		{149DA67E-C2A5-4076-AC37-8066877FE955}.Release|x86.Build.0 = Release|x86
		{57E15414-4F49-4EF4-A21D-4965729E77E4}.Debug|Any CPU.ActiveCfg = Debug|Any CPU
		{57E15414-4F49-4EF4-A21D-4965729E77E4}.Debug|Any CPU.Build.0 = Debug|Any CPU
		{57E15414-4F49-4EF4-A21D-4965729E77E4}.Debug|Mixed Platforms.ActiveCfg = Debug|Any CPU
		{57E15414-4F49-4EF4-A21D-4965729E77E4}.Debug|Mixed Platforms.Build.0 = Debug|Any CPU
		{57E15414-4F49-4EF4-A21D-4965729E77E4}.Debug|x86.ActiveCfg = Debug|Any CPU
		{57E15414-4F49-4EF4-A21D-4965729E77E4}.Release|Any CPU.ActiveCfg = Release|Any CPU
		{57E15414-4F49-4EF4-A21D-4965729E77E4}.Release|Any CPU.Build.0 = Release|Any CPU
		{57E15414-4F49-4EF4-A21D-4965729E77E4}.Release|Mixed Platforms.ActiveCfg = Release|Any CPU
		{57E15414-4F49-4EF4-A21D-4965729E77E4}.Release|Mixed Platforms.Build.0 = Release|Any CPU
		{57E15414-4F49-4EF4-A21D-4965729E77E4}.Release|x86.ActiveCfg = Release|Any CPU
		{BCA547C8-DB59-4A1B-B816-A223D03AD90D}.Debug|Any CPU.ActiveCfg = Debug|Any CPU
		{BCA547C8-DB59-4A1B-B816-A223D03AD90D}.Debug|Any CPU.Build.0 = Debug|Any CPU
		{BCA547C8-DB59-4A1B-B816-A223D03AD90D}.Debug|Mixed Platforms.ActiveCfg = Debug|Any CPU
		{BCA547C8-DB59-4A1B-B816-A223D03AD90D}.Debug|Mixed Platforms.Build.0 = Debug|Any CPU
		{BCA547C8-DB59-4A1B-B816-A223D03AD90D}.Debug|x86.ActiveCfg = Debug|Any CPU
		{BCA547C8-DB59-4A1B-B816-A223D03AD90D}.Release|Any CPU.ActiveCfg = Release|Any CPU
		{BCA547C8-DB59-4A1B-B816-A223D03AD90D}.Release|Any CPU.Build.0 = Release|Any CPU
		{BCA547C8-DB59-4A1B-B816-A223D03AD90D}.Release|Mixed Platforms.ActiveCfg = Release|Any CPU
		{BCA547C8-DB59-4A1B-B816-A223D03AD90D}.Release|Mixed Platforms.Build.0 = Release|Any CPU
		{BCA547C8-DB59-4A1B-B816-A223D03AD90D}.Release|x86.ActiveCfg = Release|Any CPU
	EndGlobalSection
	GlobalSection(SolutionProperties) = preSolution
		HideSolutionNode = FALSE
	EndGlobalSection
EndGlobal
