
Microsoft Visual Studio Solution File, Format Version 12.00
# Visual Studio Version 16
VisualStudioVersion = 16.0.29230.47
MinimumVisualStudioVersion = 10.0.40219.1
Project("{9A19103F-16F7-4668-BE54-9A1E7A4F7556}") = "TShock", "src\TShock\TShock.csproj", "{AC834FD7-32AF-44B2-BBC3-1D58E1A6F8A9}"
EndProject
Project("{9A19103F-16F7-4668-BE54-9A1E7A4F7556}") = "TShock.Tests", "tests\TShock.Tests\TShock.Tests.csproj", "{1BBA825D-5FBC-4FBF-881E-D4E80BF41E24}"
EndProject
Project("{2150E333-8FDC-42A3-9474-1A3956D46DE8}") = "Solution Items", "Solution Items", "{3971D380-ED5D-4694-AB65-73FF796BC0F7}"
	ProjectSection(SolutionItems) = preProject
		.gitignore = .gitignore
		COPYING = COPYING
	EndProjectSection
EndProject
Project("{9A19103F-16F7-4668-BE54-9A1E7A4F7556}") = "Orion", "..\Orion\src\Orion\Orion.csproj", "{A1530CBF-496C-4302-A39D-F1A4BDA73347}"
EndProject
Project("{9A19103F-16F7-4668-BE54-9A1E7A4F7556}") = "Orion.Launcher", "..\Orion\src\Orion.Launcher\Orion.Launcher.csproj", "{725A4164-B02B-4312-BE07-3A88BEA43589}"
EndProject
Global
	GlobalSection(SolutionConfigurationPlatforms) = preSolution
		Debug|Any CPU = Debug|Any CPU
		Release|Any CPU = Release|Any CPU
	EndGlobalSection
	GlobalSection(ProjectConfigurationPlatforms) = postSolution
		{AC834FD7-32AF-44B2-BBC3-1D58E1A6F8A9}.Debug|Any CPU.ActiveCfg = Debug|Any CPU
		{AC834FD7-32AF-44B2-BBC3-1D58E1A6F8A9}.Debug|Any CPU.Build.0 = Debug|Any CPU
		{AC834FD7-32AF-44B2-BBC3-1D58E1A6F8A9}.Release|Any CPU.ActiveCfg = Release|Any CPU
		{AC834FD7-32AF-44B2-BBC3-1D58E1A6F8A9}.Release|Any CPU.Build.0 = Release|Any CPU
		{1BBA825D-5FBC-4FBF-881E-D4E80BF41E24}.Debug|Any CPU.ActiveCfg = Debug|Any CPU
		{1BBA825D-5FBC-4FBF-881E-D4E80BF41E24}.Debug|Any CPU.Build.0 = Debug|Any CPU
		{1BBA825D-5FBC-4FBF-881E-D4E80BF41E24}.Release|Any CPU.ActiveCfg = Release|Any CPU
		{1BBA825D-5FBC-4FBF-881E-D4E80BF41E24}.Release|Any CPU.Build.0 = Release|Any CPU
		{A1530CBF-496C-4302-A39D-F1A4BDA73347}.Debug|Any CPU.ActiveCfg = Debug|Any CPU
		{A1530CBF-496C-4302-A39D-F1A4BDA73347}.Debug|Any CPU.Build.0 = Debug|Any CPU
		{A1530CBF-496C-4302-A39D-F1A4BDA73347}.Release|Any CPU.ActiveCfg = Release|Any CPU
		{A1530CBF-496C-4302-A39D-F1A4BDA73347}.Release|Any CPU.Build.0 = Release|Any CPU
		{725A4164-B02B-4312-BE07-3A88BEA43589}.Debug|Any CPU.ActiveCfg = Debug|Any CPU
		{725A4164-B02B-4312-BE07-3A88BEA43589}.Debug|Any CPU.Build.0 = Debug|Any CPU
		{725A4164-B02B-4312-BE07-3A88BEA43589}.Release|Any CPU.ActiveCfg = Release|Any CPU
		{725A4164-B02B-4312-BE07-3A88BEA43589}.Release|Any CPU.Build.0 = Release|Any CPU
	EndGlobalSection
	GlobalSection(SolutionProperties) = preSolution
		HideSolutionNode = FALSE
	EndGlobalSection
	GlobalSection(ExtensibilityGlobals) = postSolution
		SolutionGuid = {E1318327-9900-48EC-BAF2-C88EFC55B379}
	EndGlobalSection
EndGlobal
